// !$*UTF8*$!
{
	archiveVersion = 1;
	classes = {
	};
	objectVersion = 77;
	objects = {

/* Begin PBXContainerItemProxy section */
		1EB8E70B2E17190300BEFD67 /* PBXContainerItemProxy */ = {
			isa = PBXContainerItemProxy;
			containerPortal = 1EB8E6EC2E17190100BEFD67 /* Project object */;
			proxyType = 1;
			remoteGlobalIDString = 1EB8E6F32E17190100BEFD67;
			remoteInfo = VaccinationApp;
		};
		1EB8E7152E17190300BEFD67 /* PBXContainerItemProxy */ = {
			isa = PBXContainerItemProxy;
			containerPortal = 1EB8E6EC2E17190100BEFD67 /* Project object */;
			proxyType = 1;
			remoteGlobalIDString = 1EB8E6F32E17190100BEFD67;
			remoteInfo = VaccinationApp;
		};
/* End PBXContainerItemProxy section */

/* Begin PBXFileReference section */
		1EB8E6F42E17190100BEFD67 /* VaccinationApp.app */ = {isa = PBXFileReference; explicitFileType = wrapper.application; includeInIndex = 0; path = VaccinationApp.app; sourceTree = BUILT_PRODUCTS_DIR; };
		1EB8E70A2E17190300BEFD67 /* VaccinationAppTests.xctest */ = {isa = PBXFileReference; explicitFileType = wrapper.cfbundle; includeInIndex = 0; path = VaccinationAppTests.xctest; sourceTree = BUILT_PRODUCTS_DIR; };
		1EB8E7142E17190300BEFD67 /* VaccinationAppUITests.xctest */ = {isa = PBXFileReference; explicitFileType = wrapper.cfbundle; includeInIndex = 0; path = VaccinationAppUITests.xctest; sourceTree = BUILT_PRODUCTS_DIR; };
/* End PBXFileReference section */

/* Begin PBXFileSystemSynchronizedBuildFileExceptionSet section */
		1EB8E71C2E17190300BEFD67 /* Exceptions for "VaccinationApp" folder in "VaccinationApp" target */ = {
			isa = PBXFileSystemSynchronizedBuildFileExceptionSet;
			membershipExceptions = (
				Info.plist,
			);
			target = 1EB8E6F32E17190100BEFD67 /* VaccinationApp */;
		};
/* End PBXFileSystemSynchronizedBuildFileExceptionSet section */

/* Begin PBXFileSystemSynchronizedRootGroup section */
		1EB8E6F62E17190100BEFD67 /* VaccinationApp */ = {
			isa = PBXFileSystemSynchronizedRootGroup;
			exceptions = (
				1EB8E71C2E17190300BEFD67 /* Exceptions for "VaccinationApp" folder in "VaccinationApp" target */,
			);
			path = VaccinationApp;
			sourceTree = "<group>";
		};
		1EB8E70D2E17190300BEFD67 /* VaccinationAppTests */ = {
			isa = PBXFileSystemSynchronizedRootGroup;
			path = VaccinationAppTests;
			sourceTree = "<group>";
		};
		1EB8E7172E17190300BEFD67 /* VaccinationAppUITests */ = {
			isa = PBXFileSystemSynchronizedRootGroup;
			path = VaccinationAppUITests;
			sourceTree = "<group>";
		};
/* End PBXFileSystemSynchronizedRootGroup section */

/* Begin PBXFrameworksBuildPhase section */
		1EB8E6F12E17190100BEFD67 /* Frameworks */ = {
			isa = PBXFrameworksBuildPhase;
			buildActionMask = 2147483647;
			files = (
			);
			runOnlyForDeploymentPostprocessing = 0;
		};
		1EB8E7072E17190300BEFD67 /* Frameworks */ = {
			isa = PBXFrameworksBuildPhase;
			buildActionMask = 2147483647;
			files = (
			);
			runOnlyForDeploymentPostprocessing = 0;
		};
		1EB8E7112E17190300BEFD67 /* Frameworks */ = {
			isa = PBXFrameworksBuildPhase;
			buildActionMask = 2147483647;
			files = (
			);
			runOnlyForDeploymentPostprocessing = 0;
		};
/* End PBXFrameworksBuildPhase section */

/* Begin PBXGroup section */
		1EB8E6EB2E17190100BEFD67 = {
			isa = PBXGroup;
			children = (
				1EB8E6F62E17190100BEFD67 /* VaccinationApp */,
				1EB8E70D2E17190300BEFD67 /* VaccinationAppTests */,
				1EB8E7172E17190300BEFD67 /* VaccinationAppUITests */,
				1EB8E6F52E17190100BEFD67 /* Products */,
			);
			sourceTree = "<group>";
		};
		1EB8E6F52E17190100BEFD67 /* Products */ = {
			isa = PBXGroup;
			children = (
				1EB8E6F42E17190100BEFD67 /* VaccinationApp.app */,
				1EB8E70A2E17190300BEFD67 /* VaccinationAppTests.xctest */,
				1EB8E7142E17190300BEFD67 /* VaccinationAppUITests.xctest */,
			);
			name = Products;
			sourceTree = "<group>";
		};
/* End PBXGroup section */

/* Begin PBXNativeTarget section */
		1EB8E6F32E17190100BEFD67 /* VaccinationApp */ = {
			isa = PBXNativeTarget;
			buildConfigurationList = 1EB8E71D2E17190300BEFD67 /* Build configuration list for PBXNativeTarget "VaccinationApp" */;
			buildPhases = (
				1EB8E6F02E17190100BEFD67 /* Sources */,
				1EB8E6F12E17190100BEFD67 /* Frameworks */,
				1EB8E6F22E17190100BEFD67 /* Resources */,
			);
			buildRules = (
			);
			dependencies = (
			);
			fileSystemSynchronizedGroups = (
				1EB8E6F62E17190100BEFD67 /* VaccinationApp */,
			);
			name = VaccinationApp;
			packageProductDependencies = (
			);
			productName = VaccinationApp;
			productReference = 1EB8E6F42E17190100BEFD67 /* VaccinationApp.app */;
			productType = "com.apple.product-type.application";
		};
		1EB8E7092E17190300BEFD67 /* VaccinationAppTests */ = {
			isa = PBXNativeTarget;
			buildConfigurationList = 1EB8E7222E17190300BEFD67 /* Build configuration list for PBXNativeTarget "VaccinationAppTests" */;
			buildPhases = (
				1EB8E7062E17190300BEFD67 /* Sources */,
				1EB8E7072E17190300BEFD67 /* Frameworks */,
				1EB8E7082E17190300BEFD67 /* Resources */,
			);
			buildRules = (
			);
			dependencies = (
				1EB8E70C2E17190300BEFD67 /* PBXTargetDependency */,
			);
			fileSystemSynchronizedGroups = (
				1EB8E70D2E17190300BEFD67 /* VaccinationAppTests */,
			);
			name = VaccinationAppTests;
			packageProductDependencies = (
			);
			productName = VaccinationAppTests;
			productReference = 1EB8E70A2E17190300BEFD67 /* VaccinationAppTests.xctest */;
			productType = "com.apple.product-type.bundle.unit-test";
		};
		1EB8E7132E17190300BEFD67 /* VaccinationAppUITests */ = {
			isa = PBXNativeTarget;
			buildConfigurationList = 1EB8E7252E17190300BEFD67 /* Build configuration list for PBXNativeTarget "VaccinationAppUITests" */;
			buildPhases = (
				1EB8E7102E17190300BEFD67 /* Sources */,
				1EB8E7112E17190300BEFD67 /* Frameworks */,
				1EB8E7122E17190300BEFD67 /* Resources */,
			);
			buildRules = (
			);
			dependencies = (
				1EB8E7162E17190300BEFD67 /* PBXTargetDependency */,
			);
			fileSystemSynchronizedGroups = (
				1EB8E7172E17190300BEFD67 /* VaccinationAppUITests */,
			);
			name = VaccinationAppUITests;
			packageProductDependencies = (
			);
			productName = VaccinationAppUITests;
			productReference = 1EB8E7142E17190300BEFD67 /* VaccinationAppUITests.xctest */;
			productType = "com.apple.product-type.bundle.ui-testing";
		};
/* End PBXNativeTarget section */

/* Begin PBXProject section */
		1EB8E6EC2E17190100BEFD67 /* Project object */ = {
			isa = PBXProject;
			attributes = {
				BuildIndependentTargetsInParallel = 1;
				LastSwiftUpdateCheck = 1630;
				LastUpgradeCheck = 1630;
				TargetAttributes = {
					1EB8E6F32E17190100BEFD67 = {
						CreatedOnToolsVersion = 16.3;
					};
					1EB8E7092E17190300BEFD67 = {
						CreatedOnToolsVersion = 16.3;
						TestTargetID = 1EB8E6F32E17190100BEFD67;
					};
					1EB8E7132E17190300BEFD67 = {
						CreatedOnToolsVersion = 16.3;
						TestTargetID = 1EB8E6F32E17190100BEFD67;
					};
				};
			};
			buildConfigurationList = 1EB8E6EF2E17190100BEFD67 /* Build configuration list for PBXProject "VaccinationApp" */;
			developmentRegion = en;
			hasScannedForEncodings = 0;
			knownRegions = (
				en,
				Base,
			);
			mainGroup = 1EB8E6EB2E17190100BEFD67;
			minimizedProjectReferenceProxies = 1;
			preferredProjectObjectVersion = 77;
			productRefGroup = 1EB8E6F52E17190100BEFD67 /* Products */;
			projectDirPath = "";
			projectRoot = "";
			targets = (
				1EB8E6F32E17190100BEFD67 /* VaccinationApp */,
				1EB8E7092E17190300BEFD67 /* VaccinationAppTests */,
				1EB8E7132E17190300BEFD67 /* VaccinationAppUITests */,
			);
		};
/* End PBXProject section */

/* Begin PBXResourcesBuildPhase section */
		1EB8E6F22E17190100BEFD67 /* Resources */ = {
			isa = PBXResourcesBuildPhase;
			buildActionMask = 2147483647;
			files = (
			);
			runOnlyForDeploymentPostprocessing = 0;
		};
		1EB8E7082E17190300BEFD67 /* Resources */ = {
			isa = PBXResourcesBuildPhase;
			buildActionMask = 2147483647;
			files = (
			);
			runOnlyForDeploymentPostprocessing = 0;
		};
		1EB8E7122E17190300BEFD67 /* Resources */ = {
			isa = PBXResourcesBuildPhase;
			buildActionMask = 2147483647;
			files = (
			);
			runOnlyForDeploymentPostprocessing = 0;
		};
/* End PBXResourcesBuildPhase section */

/* Begin PBXSourcesBuildPhase section */
		1EB8E6F02E17190100BEFD67 /* Sources */ = {
			isa = PBXSourcesBuildPhase;
			buildActionMask = 2147483647;
			files = (
			);
			runOnlyForDeploymentPostprocessing = 0;
		};
		1EB8E7062E17190300BEFD67 /* Sources */ = {
			isa = PBXSourcesBuildPhase;
			buildActionMask = 2147483647;
			files = (
			);
			runOnlyForDeploymentPostprocessing = 0;
		};
		1EB8E7102E17190300BEFD67 /* Sources */ = {
			isa = PBXSourcesBuildPhase;
			buildActionMask = 2147483647;
			files = (
			);
			runOnlyForDeploymentPostprocessing = 0;
		};
/* End PBXSourcesBuildPhase section */

/* Begin PBXTargetDependency section */
		1EB8E70C2E17190300BEFD67 /* PBXTargetDependency */ = {
			isa = PBXTargetDependency;
			target = 1EB8E6F32E17190100BEFD67 /* VaccinationApp */;
			targetProxy = 1EB8E70B2E17190300BEFD67 /* PBXContainerItemProxy */;
		};
		1EB8E7162E17190300BEFD67 /* PBXTargetDependency */ = {
			isa = PBXTargetDependency;
			target = 1EB8E6F32E17190100BEFD67 /* VaccinationApp */;
			targetProxy = 1EB8E7152E17190300BEFD67 /* PBXContainerItemProxy */;
		};
/* End PBXTargetDependency section */

/* Begin XCBuildConfiguration section */
		1EB8E71E2E17190300BEFD67 /* Debug */ = {
			isa = XCBuildConfiguration;
			buildSettings = {
				ASSETCATALOG_COMPILER_APPICON_NAME = AppIcon;
				ASSETCATALOG_COMPILER_GLOBAL_ACCENT_COLOR_NAME = AccentColor;
				CODE_SIGN_STYLE = Automatic;
				CURRENT_PROJECT_VERSION = 1;
				DEVELOPMENT_TEAM = 5L79P3Y5SQ;
				GENERATE_INFOPLIST_FILE = YES;
				INFOPLIST_FILE = VaccinationApp/Info.plist;
				INFOPLIST_KEY_UIApplicationSupportsIndirectInputEvents = YES;
				INFOPLIST_KEY_UILaunchStoryboardName = LaunchScreen;
				INFOPLIST_KEY_UIMainStoryboardFile = Main;
				INFOPLIST_KEY_UISupportedInterfaceOrientations_iPad = "UIInterfaceOrientationPortrait UIInterfaceOrientationPortraitUpsideDown UIInterfaceOrientationLandscapeLeft UIInterfaceOrientationLandscapeRight";
				INFOPLIST_KEY_UISupportedInterfaceOrientations_iPhone = "UIInterfaceOrientationPortrait UIInterfaceOrientationLandscapeLeft UIInterfaceOrientationLandscapeRight";
				LD_RUNPATH_SEARCH_PATHS = (
					"$(inherited)",
					"@executable_path/Frameworks",
				);
				MARKETING_VERSION = 1.0;
				PRODUCT_BUNDLE_IDENTIFIER = com.ios.VaccinationApp;
				PRODUCT_NAME = "$(TARGET_NAME)";
				SWIFT_EMIT_LOC_STRINGS = YES;
				SWIFT_VERSION = 5.0;
				TARGETED_DEVICE_FAMILY = "1,2";
			};
			name = Debug;
		};
		1EB8E71F2E17190300BEFD67 /* Release */ = {
			isa = XCBuildConfiguration;
			buildSettings = {
				ASSETCATALOG_COMPILER_APPICON_NAME = AppIcon;
				ASSETCATALOG_COMPILER_GLOBAL_ACCENT_COLOR_NAME = AccentColor;
				CODE_SIGN_STYLE = Automatic;
				CURRENT_PROJECT_VERSION = 1;
				DEVELOPMENT_TEAM = 5L79P3Y5SQ;
				GENERATE_INFOPLIST_FILE = YES;
				INFOPLIST_FILE = VaccinationApp/Info.plist;
				INFOPLIST_KEY_UIApplicationSupportsIndirectInputEvents = YES;
				INFOPLIST_KEY_UILaunchStoryboardName = LaunchScreen;
				INFOPLIST_KEY_UIMainStoryboardFile = Main;
				INFOPLIST_KEY_UISupportedInterfaceOrientations_iPad = "UIInterfaceOrientationPortrait UIInterfaceOrientationPortraitUpsideDown UIInterfaceOrientationLandscapeLeft UIInterfaceOrientationLandscapeRight";
				INFOPLIST_KEY_UISupportedInterfaceOrientations_iPhone = "UIInterfaceOrientationPortrait UIInterfaceOrientationLandscapeLeft UIInterfaceOrientationLandscapeRight";
				LD_RUNPATH_SEARCH_PATHS = (
					"$(inherited)",
					"@executable_path/Frameworks",
				);
				MARKETING_VERSION = 1.0;
				PRODUCT_BUNDLE_IDENTIFIER = com.ios.VaccinationApp;
				PRODUCT_NAME = "$(TARGET_NAME)";
				SWIFT_EMIT_LOC_STRINGS = YES;
				SWIFT_VERSION = 5.0;
				TARGETED_DEVICE_FAMILY = "1,2";
			};
			name = Release;
		};
		1EB8E7202E17190300BEFD67 /* Debug */ = {
			isa = XCBuildConfiguration;
			buildSettings = {
				ALWAYS_SEARCH_USER_PATHS = NO;
				ASSETCATALOG_COMPILER_GENERATE_SWIFT_ASSET_SYMBOL_EXTENSIONS = YES;
				CLANG_ANALYZER_NONNULL = YES;
				CLANG_ANALYZER_NUMBER_OBJECT_CONVERSION = YES_AGGRESSIVE;
				CLANG_CXX_LANGUAGE_STANDARD = "gnu++20";
				CLANG_ENABLE_MODULES = YES;
				CLANG_ENABLE_OBJC_ARC = YES;
				CLANG_ENABLE_OBJC_WEAK = YES;
				CLANG_WARN_BLOCK_CAPTURE_AUTORELEASING = YES;
				CLANG_WARN_BOOL_CONVERSION = YES;
				CLANG_WARN_COMMA = YES;
				CLANG_WARN_CONSTANT_CONVERSION = YES;
				CLANG_WARN_DEPRECATED_OBJC_IMPLEMENTATIONS = YES;
				CLANG_WARN_DIRECT_OBJC_ISA_USAGE = YES_ERROR;
				CLANG_WARN_DOCUMENTATION_COMMENTS = YES;
				CLANG_WARN_EMPTY_BODY = YES;
				CLANG_WARN_ENUM_CONVERSION = YES;
				CLANG_WARN_INFINITE_RECURSION = YES;
				CLANG_WARN_INT_CONVERSION = YES;
				CLANG_WARN_NON_LITERAL_NULL_CONVERSION = YES;
				CLANG_WARN_OBJC_IMPLICIT_RETAIN_SELF = YES;
				CLANG_WARN_OBJC_LITERAL_CONVERSION = YES;
				CLANG_WARN_OBJC_ROOT_CLASS = YES_ERROR;
				CLANG_WARN_QUOTED_INCLUDE_IN_FRAMEWORK_HEADER = YES;
				CLANG_WARN_RANGE_LOOP_ANALYSIS = YES;
				CLANG_WARN_STRICT_PROTOTYPES = YES;
				CLANG_WARN_SUSPICIOUS_MOVE = YES;
				CLANG_WARN_UNGUARDED_AVAILABILITY = YES_AGGRESSIVE;
				CLANG_WARN_UNREACHABLE_CODE = YES;
				CLANG_WARN__DUPLICATE_METHOD_MATCH = YES;
				COPY_PHASE_STRIP = NO;
				DEBUG_INFORMATION_FORMAT = dwarf;
				DEVELOPMENT_TEAM = 5L79P3Y5SQ;
				ENABLE_STRICT_OBJC_MSGSEND = YES;
				ENABLE_TESTABILITY = YES;
				ENABLE_USER_SCRIPT_SANDBOXING = YES;
				GCC_C_LANGUAGE_STANDARD = gnu17;
				GCC_DYNAMIC_NO_PIC = NO;
				GCC_NO_COMMON_BLOCKS = YES;
				GCC_OPTIMIZATION_LEVEL = 0;
				GCC_PREPROCESSOR_DEFINITIONS = (
					"DEBUG=1",
					"$(inherited)",
				);
				GCC_WARN_64_TO_32_BIT_CONVERSION = YES;
				GCC_WARN_ABOUT_RETURN_TYPE = YES_ERROR;
				GCC_WARN_UNDECLARED_SELECTOR = YES;
				GCC_WARN_UNINITIALIZED_AUTOS = YES_AGGRESSIVE;
				GCC_WARN_UNUSED_FUNCTION = YES;
				GCC_WARN_UNUSED_VARIABLE = YES;
				IPHONEOS_DEPLOYMENT_TARGET = 18.4;
				LOCALIZATION_PREFERS_STRING_CATALOGS = YES;
				MTL_ENABLE_DEBUG_INFO = INCLUDE_SOURCE;
				MTL_FAST_MATH = YES;
				ONLY_ACTIVE_ARCH = YES;
				SDKROOT = iphoneos;
				SWIFT_ACTIVE_COMPILATION_CONDITIONS = "DEBUG $(inherited)";
				SWIFT_OPTIMIZATION_LEVEL = "-Onone";
			};
			name = Debug;
		};
		1EB8E7212E17190300BEFD67 /* Release */ = {
			isa = XCBuildConfiguration;
			buildSettings = {
				ALWAYS_SEARCH_USER_PATHS = NO;
				ASSETCATALOG_COMPILER_GENERATE_SWIFT_ASSET_SYMBOL_EXTENSIONS = YES;
				CLANG_ANALYZER_NONNULL = YES;
				CLANG_ANALYZER_NUMBER_OBJECT_CONVERSION = YES_AGGRESSIVE;
				CLANG_CXX_LANGUAGE_STANDARD = "gnu++20";
				CLANG_ENABLE_MODULES = YES;
				CLANG_ENABLE_OBJC_ARC = YES;
				CLANG_ENABLE_OBJC_WEAK = YES;
				CLANG_WARN_BLOCK_CAPTURE_AUTORELEASING = YES;
				CLANG_WARN_BOOL_CONVERSION = YES;
				CLANG_WARN_COMMA = YES;
				CLANG_WARN_CONSTANT_CONVERSION = YES;
				CLANG_WARN_DEPRECATED_OBJC_IMPLEMENTATIONS = YES;
				CLANG_WARN_DIRECT_OBJC_ISA_USAGE = YES_ERROR;
				CLANG_WARN_DOCUMENTATION_COMMENTS = YES;
				CLANG_WARN_EMPTY_BODY = YES;
				CLANG_WARN_ENUM_CONVERSION = YES;
				CLANG_WARN_INFINITE_RECURSION = YES;
				CLANG_WARN_INT_CONVERSION = YES;
				CLANG_WARN_NON_LITERAL_NULL_CONVERSION = YES;
				CLANG_WARN_OBJC_IMPLICIT_RETAIN_SELF = YES;
				CLANG_WARN_OBJC_LITERAL_CONVERSION = YES;
				CLANG_WARN_OBJC_ROOT_CLASS = YES_ERROR;
				CLANG_WARN_QUOTED_INCLUDE_IN_FRAMEWORK_HEADER = YES;
				CLANG_WARN_RANGE_LOOP_ANALYSIS = YES;
				CLANG_WARN_STRICT_PROTOTYPES = YES;
				CLANG_WARN_SUSPICIOUS_MOVE = YES;
				CLANG_WARN_UNGUARDED_AVAILABILITY = YES_AGGRESSIVE;
				CLANG_WARN_UNREACHABLE_CODE = YES;
				CLANG_WARN__DUPLICATE_METHOD_MATCH = YES;
				COPY_PHASE_STRIP = NO;
				DEBUG_INFORMATION_FORMAT = "dwarf-with-dsym";
				DEVELOPMENT_TEAM = 5L79P3Y5SQ;
				ENABLE_NS_ASSERTIONS = NO;
				ENABLE_STRICT_OBJC_MSGSEND = YES;
				ENABLE_USER_SCRIPT_SANDBOXING = YES;
				GCC_C_LANGUAGE_STANDARD = gnu17;
				GCC_NO_COMMON_BLOCKS = YES;
				GCC_WARN_64_TO_32_BIT_CONVERSION = YES;
				GCC_WARN_ABOUT_RETURN_TYPE = YES_ERROR;
				GCC_WARN_UNDECLARED_SELECTOR = YES;
				GCC_WARN_UNINITIALIZED_AUTOS = YES_AGGRESSIVE;
				GCC_WARN_UNUSED_FUNCTION = YES;
				GCC_WARN_UNUSED_VARIABLE = YES;
				IPHONEOS_DEPLOYMENT_TARGET = 18.4;
				LOCALIZATION_PREFERS_STRING_CATALOGS = YES;
				MTL_ENABLE_DEBUG_INFO = NO;
				MTL_FAST_MATH = YES;
				SDKROOT = iphoneos;
				SWIFT_COMPILATION_MODE = wholemodule;
				VALIDATE_PRODUCT = YES;
			};
			name = Release;
		};
		1EB8E7232E17190300BEFD67 /* Debug */ = {
			isa = XCBuildConfiguration;
			buildSettings = {
				BUNDLE_LOADER = "$(TEST_HOST)";
				CODE_SIGN_STYLE = Automatic;
				CURRENT_PROJECT_VERSION = 1;
				DEVELOPMENT_TEAM = 5L79P3Y5SQ;
				GENERATE_INFOPLIST_FILE = YES;
				IPHONEOS_DEPLOYMENT_TARGET = 18.4;
				MARKETING_VERSION = 1.0;
				PRODUCT_BUNDLE_IDENTIFIER = com.ios.VaccinationAppTests;
				PRODUCT_NAME = "$(TARGET_NAME)";
				SWIFT_EMIT_LOC_STRINGS = NO;
				SWIFT_VERSION = 5.0;
				TARGETED_DEVICE_FAMILY = "1,2";
				TEST_HOST = "$(BUILT_PRODUCTS_DIR)/VaccinationApp.app/$(BUNDLE_EXECUTABLE_FOLDER_PATH)/VaccinationApp";
			};
			name = Debug;
		};
		1EB8E7242E17190300BEFD67 /* Release */ = {
			isa = XCBuildConfiguration;
			buildSettings = {
				BUNDLE_LOADER = "$(TEST_HOST)";
				CODE_SIGN_STYLE = Automatic;
				CURRENT_PROJECT_VERSION = 1;
				DEVELOPMENT_TEAM = 5L79P3Y5SQ;
				GENERATE_INFOPLIST_FILE = YES;
				IPHONEOS_DEPLOYMENT_TARGET = 18.4;
				MARKETING_VERSION = 1.0;
				PRODUCT_BUNDLE_IDENTIFIER = com.ios.VaccinationAppTests;
				PRODUCT_NAME = "$(TARGET_NAME)";
				SWIFT_EMIT_LOC_STRINGS = NO;
				SWIFT_VERSION = 5.0;
				TARGETED_DEVICE_FAMILY = "1,2";
				TEST_HOST = "$(BUILT_PRODUCTS_DIR)/VaccinationApp.app/$(BUNDLE_EXECUTABLE_FOLDER_PATH)/VaccinationApp";
			};
			name = Release;
		};
		1EB8E7262E17190300BEFD67 /* Debug */ = {
			isa = XCBuildConfiguration;
			buildSettings = {
				CODE_SIGN_STYLE = Automatic;
				CURRENT_PROJECT_VERSION = 1;
				DEVELOPMENT_TEAM = 5L79P3Y5SQ;
				GENERATE_INFOPLIST_FILE = YES;
				MARKETING_VERSION = 1.0;
				PRODUCT_BUNDLE_IDENTIFIER = com.ios.VaccinationAppUITests;
				PRODUCT_NAME = "$(TARGET_NAME)";
				SWIFT_EMIT_LOC_STRINGS = NO;
				SWIFT_VERSION = 5.0;
				TARGETED_DEVICE_FAMILY = "1,2";
				TEST_TARGET_NAME = VaccinationApp;
			};
			name = Debug;
		};
		1EB8E7272E17190300BEFD67 /* Release */ = {
			isa = XCBuildConfiguration;
			buildSettings = {
				CODE_SIGN_STYLE = Automatic;
				CURRENT_PROJECT_VERSION = 1;
				DEVELOPMENT_TEAM = 5L79P3Y5SQ;
				GENERATE_INFOPLIST_FILE = YES;
				MARKETING_VERSION = 1.0;
				PRODUCT_BUNDLE_IDENTIFIER = com.ios.VaccinationAppUITests;
				PRODUCT_NAME = "$(TARGET_NAME)";
				SWIFT_EMIT_LOC_STRINGS = NO;
				SWIFT_VERSION = 5.0;
				TARGETED_DEVICE_FAMILY = "1,2";
				TEST_TARGET_NAME = VaccinationApp;
			};
			name = Release;
		};
/* End XCBuildConfiguration section */

/* Begin XCConfigurationList section */
		1EB8E6EF2E17190100BEFD67 /* Build configuration list for PBXProject "VaccinationApp" */ = {
			isa = XCConfigurationList;
			buildConfigurations = (
				1EB8E7202E17190300BEFD67 /* Debug */,
				1EB8E7212E17190300BEFD67 /* Release */,
			);
			defaultConfigurationIsVisible = 0;
			defaultConfigurationName = Release;
		};
		1EB8E71D2E17190300BEFD67 /* Build configuration list for PBXNativeTarget "VaccinationApp" */ = {
			isa = XCConfigurationList;
			buildConfigurations = (
				1EB8E71E2E17190300BEFD67 /* Debug */,
				1EB8E71F2E17190300BEFD67 /* Release */,
			);
			defaultConfigurationIsVisible = 0;
			defaultConfigurationName = Release;
		};
		1EB8E7222E17190300BEFD67 /* Build configuration list for PBXNativeTarget "VaccinationAppTests" */ = {
			isa = XCConfigurationList;
			buildConfigurations = (
				1EB8E7232E17190300BEFD67 /* Debug */,
				1EB8E7242E17190300BEFD67 /* Release */,
			);
			defaultConfigurationIsVisible = 0;
			defaultConfigurationName = Release;
		};
		1EB8E7252E17190300BEFD67 /* Build configuration list for PBXNativeTarget "VaccinationAppUITests" */ = {
			isa = XCConfigurationList;
			buildConfigurations = (
				1EB8E7262E17190300BEFD67 /* Debug */,
				1EB8E7272E17190300BEFD67 /* Release */,
			);
			defaultConfigurationIsVisible = 0;
			defaultConfigurationName = Release;
		};
/* End XCConfigurationList section */
	};
	rootObject = 1EB8E6EC2E17190100BEFD67 /* Project object */;
}
